{
  "version": 4,
  "terraform_version": "0.12.6",
  "serial": 120,
  "lineage": "ebecd48c-489b-55d8-a9e1-7c3c99029d96",
  "outputs": {},
  "resources": [
    {
      "module": "module.reservas",
      "mode": "managed",
      "type": "aws_dynamodb_table",
      "name": "reservas",
      "provider": "provider.aws",
      "instances": [
        {
          "schema_version": 1,
          "attributes": {
            "arn": "arn:aws:dynamodb:us-east-1:323689363109:table/dev-reservas",
            "attribute": [
              {
                "name": "id",
                "type": "S"
              }
            ],
            "billing_mode": "PROVISIONED",
            "global_secondary_index": [],
            "hash_key": "id",
            "id": "dev-reservas",
            "local_secondary_index": [],
            "name": "dev-reservas",
            "point_in_time_recovery": [
              {
                "enabled": false
              }
            ],
            "range_key": null,
            "read_capacity": 1,
            "server_side_encryption": [],
            "stream_arn": "",
            "stream_enabled": false,
            "stream_label": "",
            "stream_view_type": "",
            "tags": null,
            "timeouts": null,
            "ttl": [
              {
                "attribute_name": "",
                "enabled": false
              }
            ],
            "write_capacity": 1
          },
          "private": "eyJlMmJmYjczMC1lY2FhLTExZTYtOGY4OC0zNDM2M2JjN2M0YzAiOnsiY3JlYXRlIjo2MDAwMDAwMDAwMDAsImRlbGV0ZSI6NjAwMDAwMDAwMDAwLCJ1cGRhdGUiOjM2MDAwMDAwMDAwMDB9LCJzY2hlbWFfdmVyc2lvbiI6IjEifQ=="
        }
      ]
    },
    {
      "module": "module.reservas",
      "mode": "managed",
      "type": "aws_iam_policy",
      "name": "reservas_policy",
      "provider": "provider.aws",
      "instances": [
        {
          "schema_version": 0,
          "attributes": {
            "arn": "arn:aws:iam::323689363109:policy/dev-reservas-policy",
            "description": "",
            "id": "arn:aws:iam::323689363109:policy/dev-reservas-policy",
            "name": "dev-reservas-policy",
            "name_prefix": null,
            "path": "/",
            "policy": "{\r\n  \"Version\": \"2012-10-17\",\r\n  \"Statement\": [\r\n    {\r\n      \"Action\": [\r\n        \"dynamodb:PutItem\"\r\n      ],\r\n      \"Effect\": \"Allow\",\r\n      \"Resource\": \"arn:aws:dynamodb:us-east-1:323689363109:table/dev-reservas\"\r\n    },\r\n    {\r\n            \"Effect\": \"Allow\",\r\n            \"Action\": [\r\n                \"logs:CreateLogGroup\",\r\n                \"logs:CreateLogStream\",\r\n                \"logs:PutLogEvents\"\r\n            ],\r\n            \"Resource\": \"*\"\r\n        }\r\n  ]\r\n} \r\n"
          },
          "private": "bnVsbA==",
          "depends_on": [
            "aws_dynamodb_table.reservas"
          ]
        }
      ]
    },
    {
      "module": "module.reservas",
      "mode": "managed",
      "type": "aws_iam_policy_attachment",
      "name": "reservas_policy_attachment",
      "provider": "provider.aws",
      "instances": [
        {
          "schema_version": 0,
          "attributes": {
            "groups": null,
            "id": "dev-reservas-attachment",
            "name": "dev-reservas-attachment",
            "policy_arn": "arn:aws:iam::323689363109:policy/dev-reservas-policy",
            "roles": [
              "dev-reservas-iam-role"
            ],
            "users": null
          },
          "private": "bnVsbA==",
          "depends_on": [
            "aws_iam_policy.reservas_policy",
            "aws_iam_role.reservas_iam_role"
          ]
        }
      ]
    },
    {
      "module": "module.reservas",
      "mode": "managed",
      "type": "aws_iam_role",
      "name": "reservas_iam_role",
      "provider": "provider.aws",
      "instances": [
        {
          "schema_version": 0,
          "attributes": {
            "arn": "arn:aws:iam::323689363109:role/dev-reservas-iam-role",
            "assume_role_policy": "{\"Version\":\"2012-10-17\",\"Statement\":[{\"Sid\":\"\",\"Effect\":\"Allow\",\"Principal\":{\"Service\":\"lambda.amazonaws.com\"},\"Action\":\"sts:AssumeRole\"}]}",
            "create_date": "2020-02-20T18:38:02Z",
            "description": "",
            "force_detach_policies": false,
            "id": "dev-reservas-iam-role",
            "max_session_duration": 3600,
            "name": "dev-reservas-iam-role",
            "name_prefix": null,
            "path": "/",
            "permissions_boundary": null,
            "tags": null,
            "unique_id": "AROAUWXLDW2SWC2FGWGZM"
          },
          "private": "bnVsbA=="
        }
      ]
    },
    {
      "module": "module.reservas",
      "mode": "managed",
      "type": "aws_ssm_parameter",
      "name": "dynamodb-reservas-table",
      "provider": "provider.aws",
      "instances": [
        {
          "schema_version": 0,
          "attributes": {
            "allowed_pattern": "",
            "arn": "arn:aws:ssm:us-east-1:323689363109:parameter/dev-dynamodb-reservas-table",
            "description": "",
            "id": "dev-dynamodb-reservas-table",
            "key_id": "",
            "name": "dev-dynamodb-reservas-table",
            "overwrite": null,
            "tags": null,
            "tier": "Standard",
            "type": "String",
            "value": "dev-reservas",
            "version": 1
          },
          "private": "bnVsbA==",
          "depends_on": [
            "aws_dynamodb_table.reservas"
          ]
        }
      ]
    },
    {
      "module": "module.reservas",
      "mode": "managed",
      "type": "aws_ssm_parameter",
      "name": "reservas_iam_role",
      "provider": "provider.aws",
      "instances": [
        {
          "schema_version": 0,
          "attributes": {
            "allowed_pattern": "",
            "arn": "arn:aws:ssm:us-east-1:323689363109:parameter/dev-reservas-iam-role",
            "description": "",
            "id": "dev-reservas-iam-role",
            "key_id": "",
            "name": "dev-reservas-iam-role",
            "overwrite": null,
            "tags": null,
            "tier": "Standard",
            "type": "String",
            "value": "arn:aws:iam::323689363109:role/dev-reservas-iam-role",
            "version": 1
          },
          "private": "bnVsbA==",
          "depends_on": [
            "aws_iam_role.reservas_iam_role"
          ]
        }
      ]
    }
  ]
}
